<Solution>
  <Folder Name="/src/">
    <Project Path="src/BetterDns.Core/BetterDns.Core.csproj" />
    <Project Path="src/BetterDns.Service/BetterDns.Service.csproj" />
    <Project Path="src/BetterDns.Gui/BetterDns.Gui.csproj" />
  </Folder>
  <Folder Name="/tests/">
    <Project Path="tests/BetterDns.Core.Tests/BetterDns.Core.Tests.csproj" />
    <Project Path="tests/BetterDns.Service.Tests/BetterDns.Service.Tests.csproj" />
    <Project Path="tests/BetterDns.Gui.Tests/BetterDns.Gui.Tests.csproj" />
  </Folder>
  <Folder Name="/tools/">
    <Project Path="tools/BetterDns.Probe/BetterDns.Probe.csproj" />
    <Project Path="tools/BetterDns.InterceptionProbe/BetterDns.InterceptionProbe.csproj" />
  </Folder>
</Solution>
